
Microsoft Visual Studio Solution File, Format Version 12.00
# Visual Studio Version 17
VisualStudioVersion = 17.4.33205.214
MinimumVisualStudioVersion = 10.0.40219.1
Project("{2150E333-8FDC-42A3-9474-1A3956D46DE8}") = "1-FundamentosIniciais", "1-FundamentosIniciais", "{75AB4DC6-4C9F-4EB5-9AA9-D6E775C12165}"
EndProject
Project("{2150E333-8FDC-42A3-9474-1A3956D46DE8}") = "2-EstruturasDeControle", "2-EstruturasDeControle", "{57D5AB68-D4C6-44EE-AD3B-5EDA04303417}"
EndProject
Project("{9A19103F-16F7-4668-BE54-9A1E7A4F7556}") = "Atividade1", "01-Fundamentos\Atividade1\Atividade1.csproj", "{783B9B15-FDF7-4C29-BA01-7BD9283F8C42}"
EndProject
Project("{9A19103F-16F7-4668-BE54-9A1E7A4F7556}") = "Atividades2", "01-Fundamentos\Atividade2\Atividades2.csproj", "{73460C19-D3FE-42AC-971B-9899335AAAB4}"
EndProject
Project("{9A19103F-16F7-4668-BE54-9A1E7A4F7556}") = "Atividade1", "02-EstruturasDeControle\Atividade1\Atividade1.csproj", "{CBF046BB-26EF-44A9-9BE0-00309CDF7D00}"
EndProject
Project("{2150E333-8FDC-42A3-9474-1A3956D46DE8}") = "3-ClassesEMetodos", "3-ClassesEMetodos", "{ADBC5210-60BA-4B49-AF02-72F94C7F9CBE}"
EndProject
Project("{9A19103F-16F7-4668-BE54-9A1E7A4F7556}") = "Atividade1", "03-ClassesEMetodos\Atividade1\Atividade1.csproj", "{5868B432-4853-4F94-8AE2-D0DB84B5EAA9}"
EndProject
Project("{2150E333-8FDC-42A3-9474-1A3956D46DE8}") = "4-ArrayArrayListList", "4-ArrayArrayListList", "{76A59365-618B-4725-A589-E9D1093999BA}"
EndProject
Project("{9A19103F-16F7-4668-BE54-9A1E7A4F7556}") = "Atividade1Arrays", "04-ArrayArrayListList\Atividade1Arrays\Atividade1Arrays.csproj", "{7D21C27D-9675-4521-A506-ED24AD3BCF6D}"
EndProject
Project("{9A19103F-16F7-4668-BE54-9A1E7A4F7556}") = "Atividade2ArrayBidimencional", "04-ArrayArrayListList\Atividade2ArrayBidimencional\Atividade2ArrayBidimencional.csproj", "{6658AA71-DD4E-4136-87CC-BD3EB7EA162B}"
EndProject
Project("{9A19103F-16F7-4668-BE54-9A1E7A4F7556}") = "Atividade3ListT", "04-ArrayArrayListList\Atividade3ListT\Atividade3ListT\Atividade3ListT.csproj", "{0CD7E237-F544-4C7D-A319-6BF031EA4BC0}"
EndProject
Project("{FAE04EC0-301F-11D3-BF4B-00C04F79EFBC}") = "AtividadesFinais", "05-AtividadesFinais\AtividadesFinais\AtividadesFinais.csproj", "{BC36D373-EC35-4D8E-BF28-4D7C06DAEBF4}"
EndProject
Global
	GlobalSection(SolutionConfigurationPlatforms) = preSolution
		Debug|Any CPU = Debug|Any CPU
		Release|Any CPU = Release|Any CPU
	EndGlobalSection
	GlobalSection(ProjectConfigurationPlatforms) = postSolution
		{783B9B15-FDF7-4C29-BA01-7BD9283F8C42}.Debug|Any CPU.ActiveCfg = Debug|Any CPU
		{783B9B15-FDF7-4C29-BA01-7BD9283F8C42}.Debug|Any CPU.Build.0 = Debug|Any CPU
		{783B9B15-FDF7-4C29-BA01-7BD9283F8C42}.Release|Any CPU.ActiveCfg = Release|Any CPU
		{783B9B15-FDF7-4C29-BA01-7BD9283F8C42}.Release|Any CPU.Build.0 = Release|Any CPU
		{73460C19-D3FE-42AC-971B-9899335AAAB4}.Debug|Any CPU.ActiveCfg = Debug|Any CPU
		{73460C19-D3FE-42AC-971B-9899335AAAB4}.Debug|Any CPU.Build.0 = Debug|Any CPU
		{73460C19-D3FE-42AC-971B-9899335AAAB4}.Release|Any CPU.ActiveCfg = Release|Any CPU
		{73460C19-D3FE-42AC-971B-9899335AAAB4}.Release|Any CPU.Build.0 = Release|Any CPU
		{CBF046BB-26EF-44A9-9BE0-00309CDF7D00}.Debug|Any CPU.ActiveCfg = Debug|Any CPU
		{CBF046BB-26EF-44A9-9BE0-00309CDF7D00}.Debug|Any CPU.Build.0 = Debug|Any CPU
		{CBF046BB-26EF-44A9-9BE0-00309CDF7D00}.Release|Any CPU.ActiveCfg = Release|Any CPU
		{CBF046BB-26EF-44A9-9BE0-00309CDF7D00}.Release|Any CPU.Build.0 = Release|Any CPU
		{5868B432-4853-4F94-8AE2-D0DB84B5EAA9}.Debug|Any CPU.ActiveCfg = Debug|Any CPU
		{5868B432-4853-4F94-8AE2-D0DB84B5EAA9}.Debug|Any CPU.Build.0 = Debug|Any CPU
		{5868B432-4853-4F94-8AE2-D0DB84B5EAA9}.Release|Any CPU.ActiveCfg = Release|Any CPU
		{5868B432-4853-4F94-8AE2-D0DB84B5EAA9}.Release|Any CPU.Build.0 = Release|Any CPU
		{7D21C27D-9675-4521-A506-ED24AD3BCF6D}.Debug|Any CPU.ActiveCfg = Debug|Any CPU
		{7D21C27D-9675-4521-A506-ED24AD3BCF6D}.Debug|Any CPU.Build.0 = Debug|Any CPU
		{7D21C27D-9675-4521-A506-ED24AD3BCF6D}.Release|Any CPU.ActiveCfg = Release|Any CPU
		{7D21C27D-9675-4521-A506-ED24AD3BCF6D}.Release|Any CPU.Build.0 = Release|Any CPU
		{6658AA71-DD4E-4136-87CC-BD3EB7EA162B}.Debug|Any CPU.ActiveCfg = Debug|Any CPU
		{6658AA71-DD4E-4136-87CC-BD3EB7EA162B}.Debug|Any CPU.Build.0 = Debug|Any CPU
		{6658AA71-DD4E-4136-87CC-BD3EB7EA162B}.Release|Any CPU.ActiveCfg = Release|Any CPU
		{6658AA71-DD4E-4136-87CC-BD3EB7EA162B}.Release|Any CPU.Build.0 = Release|Any CPU
		{0CD7E237-F544-4C7D-A319-6BF031EA4BC0}.Debug|Any CPU.ActiveCfg = Debug|Any CPU
		{0CD7E237-F544-4C7D-A319-6BF031EA4BC0}.Debug|Any CPU.Build.0 = Debug|Any CPU
		{0CD7E237-F544-4C7D-A319-6BF031EA4BC0}.Release|Any CPU.ActiveCfg = Release|Any CPU
		{0CD7E237-F544-4C7D-A319-6BF031EA4BC0}.Release|Any CPU.Build.0 = Release|Any CPU
		{BC36D373-EC35-4D8E-BF28-4D7C06DAEBF4}.Debug|Any CPU.ActiveCfg = Debug|Any CPU
		{BC36D373-EC35-4D8E-BF28-4D7C06DAEBF4}.Debug|Any CPU.Build.0 = Debug|Any CPU
		{BC36D373-EC35-4D8E-BF28-4D7C06DAEBF4}.Release|Any CPU.ActiveCfg = Release|Any CPU
		{BC36D373-EC35-4D8E-BF28-4D7C06DAEBF4}.Release|Any CPU.Build.0 = Release|Any CPU
	EndGlobalSection
	GlobalSection(SolutionProperties) = preSolution
		HideSolutionNode = FALSE
	EndGlobalSection
	GlobalSection(NestedProjects) = preSolution
		{783B9B15-FDF7-4C29-BA01-7BD9283F8C42} = {75AB4DC6-4C9F-4EB5-9AA9-D6E775C12165}
		{73460C19-D3FE-42AC-971B-9899335AAAB4} = {75AB4DC6-4C9F-4EB5-9AA9-D6E775C12165}
		{CBF046BB-26EF-44A9-9BE0-00309CDF7D00} = {57D5AB68-D4C6-44EE-AD3B-5EDA04303417}
		{5868B432-4853-4F94-8AE2-D0DB84B5EAA9} = {ADBC5210-60BA-4B49-AF02-72F94C7F9CBE}
		{7D21C27D-9675-4521-A506-ED24AD3BCF6D} = {76A59365-618B-4725-A589-E9D1093999BA}
		{6658AA71-DD4E-4136-87CC-BD3EB7EA162B} = {76A59365-618B-4725-A589-E9D1093999BA}
		{0CD7E237-F544-4C7D-A319-6BF031EA4BC0} = {76A59365-618B-4725-A589-E9D1093999BA}
		{BC36D373-EC35-4D8E-BF28-4D7C06DAEBF4} = {76A59365-618B-4725-A589-E9D1093999BA}
	EndGlobalSection
	GlobalSection(ExtensibilityGlobals) = postSolution
		SolutionGuid = {17F7EFBC-64FF-46DC-A6F3-314928088108}
	EndGlobalSection
EndGlobal
