
Microsoft Visual Studio Solution File, Format Version 12.00
# Visual Studio Version 17
VisualStudioVersion = 17.5.33530.505
MinimumVisualStudioVersion = 10.0.40219.1
Project("{9A19103F-16F7-4668-BE54-9A1E7A4F7556}") = "Atividades2", "Atividades2.csproj", "{2CDBF942-9DBD-4A6C-B176-75A279F1FD6A}"
EndProject
Global
	GlobalSection(SolutionConfigurationPlatforms) = preSolution
		Debug|Any CPU = Debug|Any CPU
		Release|Any CPU = Release|Any CPU
	EndGlobalSection
	GlobalSection(ProjectConfigurationPlatforms) = postSolution
		{2CDBF942-9DBD-4A6C-B176-75A279F1FD6A}.Debug|Any CPU.ActiveCfg = Debug|Any CPU
		{2CDBF942-9DBD-4A6C-B176-75A279F1FD6A}.Debug|Any CPU.Build.0 = Debug|Any CPU
		{2CDBF942-9DBD-4A6C-B176-75A279F1FD6A}.Release|Any CPU.ActiveCfg = Release|Any CPU
		{2CDBF942-9DBD-4A6C-B176-75A279F1FD6A}.Release|Any CPU.Build.0 = Release|Any CPU
	EndGlobalSection
	GlobalSection(SolutionProperties) = preSolution
		HideSolutionNode = FALSE
	EndGlobalSection
	GlobalSection(ExtensibilityGlobals) = postSolution
		SolutionGuid = {5676C673-A158-4AFB-944B-C4F89E8149CE}
	EndGlobalSection
EndGlobal
